{
  "name": "first-responder-admin-backend",
  "version": "1.0.0",
  "lockfileVersion": 1,
  "requires": true,
  "dependencies": {
    "@aws-cdk/assets": {
      "version": "1.91.0",
      "resolved": "https://registry.npmjs.org/@aws-cdk/assets/-/assets-1.91.0.tgz",
      "integrity": "sha512-EOveDypWuy5pyeW5fS8W0+pvWEt1IrpjF8VBB0mZ1Y4LncidOf2sHC7FPUVjK0+Xa2kgXHhO/BJ57UURPk79NA==",
      "requires": {
        "@aws-cdk/core": "1.91.0",
        "@aws-cdk/cx-api": "1.91.0",
        "constructs": "^3.2.0"
      }
    },
    "@aws-cdk/aws-apigateway": {
      "version": "1.91.0",
      "resolved": "https://registry.npmjs.org/@aws-cdk/aws-apigateway/-/aws-apigateway-1.91.0.tgz",
      "integrity": "sha512-zzINWIy5euOm7sqsIGzyBK8+58pot6YPDfV3Wsv4TiCBinKXGxppTp4h1hkDi1DjH6z4w8+CKp4uA8E+fRtrgQ==",
      "requires": {
        "@aws-cdk/aws-certificatemanager": "1.91.0",
        "@aws-cdk/aws-cloudwatch": "1.91.0",
        "@aws-cdk/aws-cognito": "1.91.0",
        "@aws-cdk/aws-ec2": "1.91.0",
        "@aws-cdk/aws-elasticloadbalancingv2": "1.91.0",
        "@aws-cdk/aws-iam": "1.91.0",
        "@aws-cdk/aws-lambda": "1.91.0",
        "@aws-cdk/aws-logs": "1.91.0",
        "@aws-cdk/aws-s3": "1.91.0",
        "@aws-cdk/aws-s3-assets": "1.91.0",
        "@aws-cdk/core": "1.91.0",
        "@aws-cdk/cx-api": "1.91.0",
        "constructs": "^3.2.0"
      }
    },
    "@aws-cdk/aws-applicationautoscaling": {
      "version": "1.91.0",
      "resolved": "https://registry.npmjs.org/@aws-cdk/aws-applicationautoscaling/-/aws-applicationautoscaling-1.91.0.tgz",
      "integrity": "sha512-kbrSeMy7QGYY+LfzZEBVSylogRrWZKDmQgze7///fSiX9jWk8aMo82+svunBElJvH8GzuODZ5cjDwYFHbu0u6A==",
      "requires": {
        "@aws-cdk/aws-autoscaling-common": "1.91.0",
        "@aws-cdk/aws-cloudwatch": "1.91.0",
        "@aws-cdk/aws-iam": "1.91.0",
        "@aws-cdk/core": "1.91.0",
        "constructs": "^3.2.0"
      }
    },
    "@aws-cdk/aws-autoscaling-common": {
      "version": "1.91.0",
      "resolved": "https://registry.npmjs.org/@aws-cdk/aws-autoscaling-common/-/aws-autoscaling-common-1.91.0.tgz",
      "integrity": "sha512-VJojgKstJvl559dRr4Twt3F7+puY6omJA7dLss9wcOA8QEWK1msVXtc7RzIpFnfG6pJKnAP1xfRyuvXerxdp1Q==",
      "requires": {
        "@aws-cdk/aws-iam": "1.91.0",
        "@aws-cdk/core": "1.91.0",
        "constructs": "^3.2.0"
      }
    },
    "@aws-cdk/aws-certificatemanager": {
      "version": "1.91.0",
      "resolved": "https://registry.npmjs.org/@aws-cdk/aws-certificatemanager/-/aws-certificatemanager-1.91.0.tgz",
      "integrity": "sha512-KFw3qXVPKKAh2Et6wp70jYR/C319Q6eT4X8bQ5G1U522yYb6ce2BsNGQoc+lUGTZnOkT+g7jtF4iGf3d8E7k7A==",
      "requires": {
        "@aws-cdk/aws-iam": "1.91.0",
        "@aws-cdk/aws-lambda": "1.91.0",
        "@aws-cdk/aws-route53": "1.91.0",
        "@aws-cdk/core": "1.91.0",
        "constructs": "^3.2.0"
      }
    },
    "@aws-cdk/aws-cloudformation": {
      "version": "1.91.0",
      "resolved": "https://registry.npmjs.org/@aws-cdk/aws-cloudformation/-/aws-cloudformation-1.91.0.tgz",
      "integrity": "sha512-achmiaUR9/hbO5sJBjtGRwI78CZ+L7gK9yvmeUVpI9+7cUqHS8/MXA6RbJ5vbPuFt3yQW0rbbhtI8oba8S06JA==",
      "requires": {
        "@aws-cdk/aws-iam": "1.91.0",
        "@aws-cdk/aws-lambda": "1.91.0",
        "@aws-cdk/aws-s3": "1.91.0",
        "@aws-cdk/aws-sns": "1.91.0",
        "@aws-cdk/core": "1.91.0",
        "@aws-cdk/cx-api": "1.91.0",
        "constructs": "^3.2.0"
      }
    },
    "@aws-cdk/aws-cloudwatch": {
      "version": "1.91.0",
      "resolved": "https://registry.npmjs.org/@aws-cdk/aws-cloudwatch/-/aws-cloudwatch-1.91.0.tgz",
      "integrity": "sha512-x78C9dUCqLQqKMu/alCdxPYin6kbp7wC6GiBHLg3g9adINOVX9rueYhqepSG72P5RJmOxYzI9QpZY40LjA4yHA==",
      "requires": {
        "@aws-cdk/aws-iam": "1.91.0",
        "@aws-cdk/core": "1.91.0",
        "constructs": "^3.2.0"
      }
    },
    "@aws-cdk/aws-codeguruprofiler": {
      "version": "1.91.0",
      "resolved": "https://registry.npmjs.org/@aws-cdk/aws-codeguruprofiler/-/aws-codeguruprofiler-1.91.0.tgz",
      "integrity": "sha512-OEixTxX18q0JX4jVZLTn8zrjBJUbwBZ7hHUu+8oozEJ0pP6EKy4axc3igp942FfAJj4/XWaTd4zakgMv7BXkBQ==",
      "requires": {
        "@aws-cdk/aws-iam": "1.91.0",
        "@aws-cdk/core": "1.91.0",
        "constructs": "^3.2.0"
      }
    },
    "@aws-cdk/aws-cognito": {
      "version": "1.91.0",
      "resolved": "https://registry.npmjs.org/@aws-cdk/aws-cognito/-/aws-cognito-1.91.0.tgz",
      "integrity": "sha512-IC95IwQejfFQ/+N+Z5saGq/ywM8nEWdkUxLKaQVIWdOvHryYSj39ythakX7ybI5lq2z4KW2rLuxNmiA9gT0+Ow==",
      "requires": {
        "@aws-cdk/aws-certificatemanager": "1.91.0",
        "@aws-cdk/aws-iam": "1.91.0",
        "@aws-cdk/aws-lambda": "1.91.0",
        "@aws-cdk/core": "1.91.0",
        "@aws-cdk/custom-resources": "1.91.0",
        "constructs": "^3.2.0",
        "punycode": "^2.1.1"
      },
      "dependencies": {
        "punycode": {
          "version": "2.1.1",
          "bundled": true
        }
      }
    },
    "@aws-cdk/aws-dynamodb": {
      "version": "1.91.0",
      "resolved": "https://registry.npmjs.org/@aws-cdk/aws-dynamodb/-/aws-dynamodb-1.91.0.tgz",
      "integrity": "sha512-DoxE97H/lO25OTCyUZYdFAxa9u1OeH6P9lTv2CJ7+1ivhKqV/tq0abRYKE648v7Q3S9/BNzrdjzLpnOeurNpHA==",
      "requires": {
        "@aws-cdk/aws-applicationautoscaling": "1.91.0",
        "@aws-cdk/aws-cloudwatch": "1.91.0",
        "@aws-cdk/aws-iam": "1.91.0",
        "@aws-cdk/aws-kms": "1.91.0",
        "@aws-cdk/aws-lambda": "1.91.0",
        "@aws-cdk/core": "1.91.0",
        "@aws-cdk/custom-resources": "1.91.0",
        "constructs": "^3.2.0"
      }
    },
    "@aws-cdk/aws-ec2": {
      "version": "1.91.0",
      "resolved": "https://registry.npmjs.org/@aws-cdk/aws-ec2/-/aws-ec2-1.91.0.tgz",
      "integrity": "sha512-Kd+q3sP5rNhUcShXiboy2vPQGWRrS2lGyig5JZDdVix+OB9eyL2L5NgAzElTlUXp7GA7GebewA3Ir7QPBSjZsA==",
      "requires": {
        "@aws-cdk/aws-cloudwatch": "1.91.0",
        "@aws-cdk/aws-iam": "1.91.0",
        "@aws-cdk/aws-kms": "1.91.0",
        "@aws-cdk/aws-logs": "1.91.0",
        "@aws-cdk/aws-s3": "1.91.0",
        "@aws-cdk/aws-s3-assets": "1.91.0",
        "@aws-cdk/aws-ssm": "1.91.0",
        "@aws-cdk/cloud-assembly-schema": "1.91.0",
        "@aws-cdk/core": "1.91.0",
        "@aws-cdk/cx-api": "1.91.0",
        "@aws-cdk/region-info": "1.91.0",
        "constructs": "^3.2.0"
      }
    },
    "@aws-cdk/aws-ecr": {
      "version": "1.91.0",
      "resolved": "https://registry.npmjs.org/@aws-cdk/aws-ecr/-/aws-ecr-1.91.0.tgz",
      "integrity": "sha512-quDShMk48pH6sH0z95+h/Velw7k1T6Ir3bxCV4ACgLGxqN882/e3o164VrL+eFvZMlR8uLYEnpZseK8APTvAYg==",
      "requires": {
        "@aws-cdk/aws-events": "1.91.0",
        "@aws-cdk/aws-iam": "1.91.0",
        "@aws-cdk/core": "1.91.0",
        "constructs": "^3.2.0"
      }
    },
    "@aws-cdk/aws-ecr-assets": {
      "version": "1.91.0",
      "resolved": "https://registry.npmjs.org/@aws-cdk/aws-ecr-assets/-/aws-ecr-assets-1.91.0.tgz",
      "integrity": "sha512-9xYS229WuNDGxzJWX3I7uY+9HvkCvcoNbHXIBvwLND2xKXK8O0mOeIuQyAdJilHZYpQYhw6tLCHCei0aBFBR3g==",
      "requires": {
        "@aws-cdk/assets": "1.91.0",
        "@aws-cdk/aws-ecr": "1.91.0",
        "@aws-cdk/aws-iam": "1.91.0",
        "@aws-cdk/aws-s3": "1.91.0",
        "@aws-cdk/core": "1.91.0",
        "@aws-cdk/cx-api": "1.91.0",
        "constructs": "^3.2.0",
        "minimatch": "^3.0.4"
      },
      "dependencies": {
        "balanced-match": {
          "version": "1.0.0",
          "bundled": true
        },
        "brace-expansion": {
          "version": "1.1.11",
          "bundled": true,
          "requires": {
            "balanced-match": "^1.0.0",
            "concat-map": "0.0.1"
          }
        },
        "concat-map": {
          "version": "0.0.1",
          "bundled": true
        },
        "minimatch": {
          "version": "3.0.4",
          "bundled": true,
          "requires": {
            "brace-expansion": "^1.1.7"
          }
        }
      }
    },
    "@aws-cdk/aws-efs": {
      "version": "1.91.0",
      "resolved": "https://registry.npmjs.org/@aws-cdk/aws-efs/-/aws-efs-1.91.0.tgz",
      "integrity": "sha512-p/iWucxM1YjbKY29ecQvg4CFKJCNSi+ujvXAf8SmJPCplM1LKlC7Sbb2xSmTsZlPcGEu1HpY31FvpPHtZgxRng==",
      "requires": {
        "@aws-cdk/aws-ec2": "1.91.0",
        "@aws-cdk/aws-kms": "1.91.0",
        "@aws-cdk/cloud-assembly-schema": "1.91.0",
        "@aws-cdk/core": "1.91.0",
        "@aws-cdk/cx-api": "1.91.0",
        "constructs": "^3.2.0"
      }
    },
    "@aws-cdk/aws-elasticloadbalancingv2": {
      "version": "1.91.0",
      "resolved": "https://registry.npmjs.org/@aws-cdk/aws-elasticloadbalancingv2/-/aws-elasticloadbalancingv2-1.91.0.tgz",
      "integrity": "sha512-m3JITeu2P1gv3jclC5MM5NN8h3YQv3IssSzuc5OloWI3u3J9f2dSh2V+M7o/JKeXmLpanqZJTl2rSmRJwWLVQA==",
      "requires": {
        "@aws-cdk/aws-certificatemanager": "1.91.0",
        "@aws-cdk/aws-cloudwatch": "1.91.0",
        "@aws-cdk/aws-ec2": "1.91.0",
        "@aws-cdk/aws-iam": "1.91.0",
        "@aws-cdk/aws-lambda": "1.91.0",
        "@aws-cdk/aws-s3": "1.91.0",
        "@aws-cdk/cloud-assembly-schema": "1.91.0",
        "@aws-cdk/core": "1.91.0",
        "@aws-cdk/cx-api": "1.91.0",
        "@aws-cdk/region-info": "1.91.0",
        "constructs": "^3.2.0"
      }
    },
    "@aws-cdk/aws-events": {
      "version": "1.91.0",
      "resolved": "https://registry.npmjs.org/@aws-cdk/aws-events/-/aws-events-1.91.0.tgz",
      "integrity": "sha512-t8LSGahCTPgIBUKk1N0Bx35Xvc0nhSHxchtckjXgEBYun6w+85YA5eU9/gTZrpOqTwXt2CbZBDrbem86zsnj8g==",
      "requires": {
        "@aws-cdk/aws-iam": "1.91.0",
        "@aws-cdk/core": "1.91.0",
        "constructs": "^3.2.0"
      }
    },
    "@aws-cdk/aws-iam": {
      "version": "1.91.0",
      "resolved": "https://registry.npmjs.org/@aws-cdk/aws-iam/-/aws-iam-1.91.0.tgz",
      "integrity": "sha512-5+poD3JCrBEsE6n1jLLnE81Yp4Qs7aY+TKo+CaHfaaiBozyTZA+yavEvuYQ3QiIJmswRziWMxZ/24uGUcPHH4A==",
      "requires": {
        "@aws-cdk/core": "1.91.0",
        "@aws-cdk/region-info": "1.91.0",
        "constructs": "^3.2.0"
      }
    },
    "@aws-cdk/aws-kms": {
      "version": "1.91.0",
      "resolved": "https://registry.npmjs.org/@aws-cdk/aws-kms/-/aws-kms-1.91.0.tgz",
      "integrity": "sha512-JkblXVovy7ds7c6dmFEY3Fx2583RIrrPWdG6XyQ3N5SJ3Dgyb0bpwKCBom/YasDKB9QH0g3wZSELC/Ne2lTapQ==",
      "requires": {
        "@aws-cdk/aws-iam": "1.91.0",
        "@aws-cdk/core": "1.91.0",
        "@aws-cdk/cx-api": "1.91.0",
        "constructs": "^3.2.0"
      }
    },
    "@aws-cdk/aws-lambda": {
      "version": "1.91.0",
      "resolved": "https://registry.npmjs.org/@aws-cdk/aws-lambda/-/aws-lambda-1.91.0.tgz",
      "integrity": "sha512-8wcrpdKi1XR7LmP3I5zfOSoKDa8eSV+zfugJATXGoawrhfLgMff28j/wuphqjbGZzmHGNyCWaCfQmusy9voZsw==",
      "requires": {
        "@aws-cdk/aws-applicationautoscaling": "1.91.0",
        "@aws-cdk/aws-cloudwatch": "1.91.0",
        "@aws-cdk/aws-codeguruprofiler": "1.91.0",
        "@aws-cdk/aws-ec2": "1.91.0",
        "@aws-cdk/aws-ecr": "1.91.0",
        "@aws-cdk/aws-ecr-assets": "1.91.0",
        "@aws-cdk/aws-efs": "1.91.0",
        "@aws-cdk/aws-events": "1.91.0",
        "@aws-cdk/aws-iam": "1.91.0",
        "@aws-cdk/aws-kms": "1.91.0",
        "@aws-cdk/aws-logs": "1.91.0",
        "@aws-cdk/aws-s3": "1.91.0",
        "@aws-cdk/aws-s3-assets": "1.91.0",
        "@aws-cdk/aws-sqs": "1.91.0",
        "@aws-cdk/core": "1.91.0",
        "@aws-cdk/cx-api": "1.91.0",
        "constructs": "^3.2.0"
      }
    },
    "@aws-cdk/aws-logs": {
      "version": "1.91.0",
      "resolved": "https://registry.npmjs.org/@aws-cdk/aws-logs/-/aws-logs-1.91.0.tgz",
      "integrity": "sha512-D293Lb5E3VF03OKT123S+TNi5UFaj08ivsfRcFhbcAiMnNOoHJEClhU2dFiq/6nTYMfoSxvsqyvHBQrY3lUzNw==",
      "requires": {
        "@aws-cdk/aws-cloudwatch": "1.91.0",
        "@aws-cdk/aws-iam": "1.91.0",
        "@aws-cdk/aws-kms": "1.91.0",
        "@aws-cdk/aws-s3-assets": "1.91.0",
        "@aws-cdk/core": "1.91.0",
        "constructs": "^3.2.0"
      }
    },
    "@aws-cdk/aws-route53": {
      "version": "1.91.0",
      "resolved": "https://registry.npmjs.org/@aws-cdk/aws-route53/-/aws-route53-1.91.0.tgz",
      "integrity": "sha512-24+j16xKRxgDVDRs/8g8WuA8Dzqn3abfmJJ1DEQdwunh1VCEaRfoI0hHRawdZ9qGf52qYkmgumcGNAuJcrTA2Q==",
      "requires": {
        "@aws-cdk/aws-ec2": "1.91.0",
        "@aws-cdk/aws-iam": "1.91.0",
        "@aws-cdk/aws-logs": "1.91.0",
        "@aws-cdk/cloud-assembly-schema": "1.91.0",
        "@aws-cdk/core": "1.91.0",
        "@aws-cdk/custom-resources": "1.91.0",
        "constructs": "^3.2.0"
      }
    },
    "@aws-cdk/aws-s3": {
      "version": "1.91.0",
      "resolved": "https://registry.npmjs.org/@aws-cdk/aws-s3/-/aws-s3-1.91.0.tgz",
      "integrity": "sha512-P2871i/1ofyrU7+Scicv4lQs4kXGnuft6eFUJJJesFvE6Nr/Oy3KRSnqWm0ju0TM+IlgYUMQJApR/pAxNiTHxQ==",
      "requires": {
        "@aws-cdk/aws-events": "1.91.0",
        "@aws-cdk/aws-iam": "1.91.0",
        "@aws-cdk/aws-kms": "1.91.0",
        "@aws-cdk/core": "1.91.0",
        "@aws-cdk/cx-api": "1.91.0",
        "constructs": "^3.2.0"
      }
    },
    "@aws-cdk/aws-s3-assets": {
      "version": "1.91.0",
      "resolved": "https://registry.npmjs.org/@aws-cdk/aws-s3-assets/-/aws-s3-assets-1.91.0.tgz",
      "integrity": "sha512-nRePKMnc8Sg+Z2owjKIeswZmdjm+9jfYUlUFgBjF20YqV9xDFb6E8ckFtagbNcehgrmOqc6xxWnyBtZR1Mehww==",
      "requires": {
        "@aws-cdk/assets": "1.91.0",
        "@aws-cdk/aws-iam": "1.91.0",
        "@aws-cdk/aws-kms": "1.91.0",
        "@aws-cdk/aws-s3": "1.91.0",
        "@aws-cdk/core": "1.91.0",
        "@aws-cdk/cx-api": "1.91.0",
        "constructs": "^3.2.0"
      }
    },
    "@aws-cdk/aws-sns": {
      "version": "1.91.0",
      "resolved": "https://registry.npmjs.org/@aws-cdk/aws-sns/-/aws-sns-1.91.0.tgz",
      "integrity": "sha512-QZn2+IJ2w/sppz7D4Mn4Uy9+vppRYdSQgPXzLhZ/+3J8tSO7ZNbgmmu2Ks0Ww06kCq6KxUIvTxyWR+EhxNWTBg==",
      "requires": {
        "@aws-cdk/aws-cloudwatch": "1.91.0",
        "@aws-cdk/aws-events": "1.91.0",
        "@aws-cdk/aws-iam": "1.91.0",
        "@aws-cdk/aws-kms": "1.91.0",
        "@aws-cdk/aws-sqs": "1.91.0",
        "@aws-cdk/core": "1.91.0",
        "constructs": "^3.2.0"
      }
    },
    "@aws-cdk/aws-sqs": {
      "version": "1.91.0",
      "resolved": "https://registry.npmjs.org/@aws-cdk/aws-sqs/-/aws-sqs-1.91.0.tgz",
      "integrity": "sha512-sqchVrCncD+rFR9CZnHWIhzSmEqLo/jiwghLK4bKOZyzcFCLqNoSyNUubCcPS8OBjlW+BMx5cr3CQN8T3LRslw==",
      "requires": {
        "@aws-cdk/aws-cloudwatch": "1.91.0",
        "@aws-cdk/aws-iam": "1.91.0",
        "@aws-cdk/aws-kms": "1.91.0",
        "@aws-cdk/core": "1.91.0",
        "constructs": "^3.2.0"
      }
    },
    "@aws-cdk/aws-ssm": {
      "version": "1.91.0",
      "resolved": "https://registry.npmjs.org/@aws-cdk/aws-ssm/-/aws-ssm-1.91.0.tgz",
      "integrity": "sha512-iMbJ1bboYJMYC5XQjE1wP75ZNajVYLQ49rKIcJs0G7gChigacM2l8a6gQgA1KmtzHtuP+/pD8UmM8IjpAJTaMw==",
      "requires": {
        "@aws-cdk/aws-iam": "1.91.0",
        "@aws-cdk/aws-kms": "1.91.0",
        "@aws-cdk/cloud-assembly-schema": "1.91.0",
        "@aws-cdk/core": "1.91.0",
        "constructs": "^3.2.0"
      }
    },
    "@aws-cdk/cloud-assembly-schema": {
      "version": "1.91.0",
      "resolved": "https://registry.npmjs.org/@aws-cdk/cloud-assembly-schema/-/cloud-assembly-schema-1.91.0.tgz",
      "integrity": "sha512-gauXsfersDNDHdszDIbSkM2UG/xZmfLqurzw5aqYWFPmPML5a8Izx5hhjwnTKBO5+gQeQxiv9Zc4q5vBI1ScLQ==",
      "requires": {
        "jsonschema": "^1.4.0",
        "semver": "^7.3.4"
      },
      "dependencies": {
        "jsonschema": {
          "version": "1.4.0",
          "bundled": true
        },
        "lru-cache": {
          "version": "6.0.0",
          "bundled": true,
          "requires": {
            "yallist": "^4.0.0"
          }
        },
        "semver": {
          "version": "7.3.4",
          "bundled": true,
          "requires": {
            "lru-cache": "^6.0.0"
          }
        },
        "yallist": {
          "version": "4.0.0",
          "bundled": true
        }
      }
    },
    "@aws-cdk/core": {
      "version": "1.91.0",
      "resolved": "https://registry.npmjs.org/@aws-cdk/core/-/core-1.91.0.tgz",
      "integrity": "sha512-fdHsIgpKcWpWpYpmeDTldRcc2IKbjf4J9433kYxBZ/x4cSck8Wl0yP96XU5rHihQio+u51J1d9QIKyoRHZADVA==",
      "requires": {
        "@aws-cdk/cloud-assembly-schema": "1.91.0",
        "@aws-cdk/cx-api": "1.91.0",
        "@aws-cdk/region-info": "1.91.0",
        "@balena/dockerignore": "^1.0.2",
        "constructs": "^3.2.0",
        "fs-extra": "^9.1.0",
        "ignore": "^5.1.8",
        "minimatch": "^3.0.4"
      },
      "dependencies": {
        "@balena/dockerignore": {
          "version": "1.0.2",
          "bundled": true
        },
        "at-least-node": {
          "version": "1.0.0",
          "bundled": true
        },
        "balanced-match": {
          "version": "1.0.0",
          "bundled": true
        },
        "brace-expansion": {
          "version": "1.1.11",
          "bundled": true,
          "requires": {
            "balanced-match": "^1.0.0",
            "concat-map": "0.0.1"
          }
        },
        "concat-map": {
          "version": "0.0.1",
          "bundled": true
        },
        "fs-extra": {
          "version": "9.1.0",
          "bundled": true,
          "requires": {
            "at-least-node": "^1.0.0",
            "graceful-fs": "^4.2.0",
            "jsonfile": "^6.0.1",
            "universalify": "^2.0.0"
          }
        },
        "graceful-fs": {
          "version": "4.2.6",
          "bundled": true
        },
        "ignore": {
          "version": "5.1.8",
          "bundled": true
        },
        "jsonfile": {
          "version": "6.1.0",
          "bundled": true,
          "requires": {
            "graceful-fs": "^4.1.6",
            "universalify": "^2.0.0"
          }
        },
        "minimatch": {
          "version": "3.0.4",
          "bundled": true,
          "requires": {
            "brace-expansion": "^1.1.7"
          }
        },
        "universalify": {
          "version": "2.0.0",
          "bundled": true
        }
      }
    },
    "@aws-cdk/custom-resources": {
      "version": "1.91.0",
      "resolved": "https://registry.npmjs.org/@aws-cdk/custom-resources/-/custom-resources-1.91.0.tgz",
      "integrity": "sha512-Jcnx5zDaJJq8uOpVZ4U63bEIKMW9P6Lf2Spaif6b2Sw1WpE3jCJNu7mjGI+jZMwBQ6s+Q7d8GgO65gnuFM3TLQ==",
      "requires": {
        "@aws-cdk/aws-cloudformation": "1.91.0",
        "@aws-cdk/aws-ec2": "1.91.0",
        "@aws-cdk/aws-iam": "1.91.0",
        "@aws-cdk/aws-lambda": "1.91.0",
        "@aws-cdk/aws-logs": "1.91.0",
        "@aws-cdk/aws-sns": "1.91.0",
        "@aws-cdk/core": "1.91.0",
        "constructs": "^3.2.0"
      }
    },
    "@aws-cdk/cx-api": {
      "version": "1.91.0",
      "resolved": "https://registry.npmjs.org/@aws-cdk/cx-api/-/cx-api-1.91.0.tgz",
      "integrity": "sha512-5IDKq+R8BANrq2SCRLF6FJLZUNCDW8WWhs8hrCNZ8tOGlmxu1+whffTwVDj7Mb+aLb5+KlhavAhUYRaS2Ex7cA==",
      "requires": {
        "@aws-cdk/cloud-assembly-schema": "1.91.0",
        "semver": "^7.3.4"
      },
      "dependencies": {
        "lru-cache": {
          "version": "6.0.0",
          "bundled": true,
          "requires": {
            "yallist": "^4.0.0"
          }
        },
        "semver": {
          "version": "7.3.4",
          "bundled": true,
          "requires": {
            "lru-cache": "^6.0.0"
          }
        },
        "yallist": {
          "version": "4.0.0",
          "bundled": true
        }
      }
    },
    "@aws-cdk/region-info": {
      "version": "1.91.0",
      "resolved": "https://registry.npmjs.org/@aws-cdk/region-info/-/region-info-1.91.0.tgz",
      "integrity": "sha512-/iYYx5BDHfOeKO6yOW2+oNOZ9Cd3K8kmPJsX6b7WgOt69w6hK4GrnaV5c4a/nQ5N5AMwwDNTnRhlvm94nH9gLA=="
    },
    "@types/node": {
      "version": "10.17.54",
      "resolved": "https://registry.npmjs.org/@types/node/-/node-10.17.54.tgz",
      "integrity": "sha512-c8Lm7+hXdSPmWH4B9z/P/xIXhFK3mCQin4yCYMd2p1qpMG5AfgyJuYZ+3q2dT7qLiMMMGMd5dnkFpdqJARlvtQ==",
      "dev": true
    },
    "aws-sdk": {
      "version": "2.853.0",
      "resolved": "https://registry.npmjs.org/aws-sdk/-/aws-sdk-2.853.0.tgz",
      "integrity": "sha512-3cifeifeMHKtpvQ6OcrA9j34BEdvWmLlSGzZU/mZf9nYcV+22PPXjwpVhPh9BvfC2S77upKNbMgnkv4u50aQKw==",
      "requires": {
        "buffer": "4.9.2",
        "events": "1.1.1",
        "ieee754": "1.1.13",
        "jmespath": "0.15.0",
        "querystring": "0.2.0",
        "sax": "1.2.1",
        "url": "0.10.3",
        "uuid": "3.3.2",
        "xml2js": "0.4.19"
      }
    },
    "base64-js": {
      "version": "1.5.1",
      "resolved": "https://registry.npmjs.org/base64-js/-/base64-js-1.5.1.tgz",
      "integrity": "sha512-AKpaYlHn8t4SVbOHCy+b5+KKgvR4vrsD8vbvrbiQJps7fKDTkjkDry6ji0rUJjC0kzbNePLwzxq8iypo41qeWA=="
    },
    "buffer": {
      "version": "4.9.2",
      "resolved": "https://registry.npmjs.org/buffer/-/buffer-4.9.2.tgz",
      "integrity": "sha512-xq+q3SRMOxGivLhBNaUdC64hDTQwejJ+H0T/NB1XMtTVEwNTrfFF3gAxiyW0Bu/xWEGhjVKgUcMhCrUy2+uCWg==",
      "requires": {
        "base64-js": "^1.0.2",
        "ieee754": "^1.1.4",
        "isarray": "^1.0.0"
      }
    },
    "constructs": {
      "version": "3.3.43",
      "resolved": "https://registry.npmjs.org/constructs/-/constructs-3.3.43.tgz",
      "integrity": "sha512-4Fi9XuoYAPkVrimpU/fo3SOUxB3cS/WjP77DGeJl1o0vsYsggqeBHRLK6GxRG7vpmnOhiyDlBIazJkMuR6YWuQ=="
    },
    "events": {
      "version": "1.1.1",
      "resolved": "https://registry.npmjs.org/events/-/events-1.1.1.tgz",
      "integrity": "sha1-nr23Y1rQmccNzEwqH1AEKI6L2SQ="
    },
    "ieee754": {
      "version": "1.1.13",
      "resolved": "https://registry.npmjs.org/ieee754/-/ieee754-1.1.13.tgz",
      "integrity": "sha512-4vf7I2LYV/HaWerSo3XmlMkp5eZ83i+/CDluXi/IGTs/O1sejBNhTtnxzmRZfvOUqj7lZjqHkeTvpgSFDlWZTg=="
    },
    "isarray": {
      "version": "1.0.0",
      "resolved": "https://registry.npmjs.org/isarray/-/isarray-1.0.0.tgz",
      "integrity": "sha1-u5NdSFgsuhaMBoNJV6VKPgcSTxE="
    },
    "jmespath": {
      "version": "0.15.0",
      "resolved": "https://registry.npmjs.org/jmespath/-/jmespath-0.15.0.tgz",
      "integrity": "sha1-o/Iiqarp+Wb10nx5ZRDigJF2Qhc="
    },
    "punycode": {
      "version": "1.3.2",
      "resolved": "https://registry.npmjs.org/punycode/-/punycode-1.3.2.tgz",
      "integrity": "sha1-llOgNvt8HuQjQvIyXM7v6jkmxI0="
    },
    "querystring": {
      "version": "0.2.0",
      "resolved": "https://registry.npmjs.org/querystring/-/querystring-0.2.0.tgz",
      "integrity": "sha1-sgmEkgO7Jd+CDadW50cAWHhSFiA="
    },
    "sax": {
      "version": "1.2.1",
      "resolved": "https://registry.npmjs.org/sax/-/sax-1.2.1.tgz",
      "integrity": "sha1-e45lYZCyKOgaZq6nSEgNgozS03o="
    },
    "typescript": {
      "version": "3.7.7",
      "resolved": "https://registry.npmjs.org/typescript/-/typescript-3.7.7.tgz",
      "integrity": "sha512-MmQdgo/XenfZPvVLtKZOq9jQQvzaUAUpcKW8Z43x9B2fOm4S5g//tPtMweZUIP+SoBqrVPEIm+dJeQ9dfO0QdA==",
      "dev": true
    },
    "url": {
      "version": "0.10.3",
      "resolved": "https://registry.npmjs.org/url/-/url-0.10.3.tgz",
      "integrity": "sha1-Ah5NnHcF8hu/N9A861h2dAJ3TGQ=",
      "requires": {
        "punycode": "1.3.2",
        "querystring": "0.2.0"
      }
    },
    "uuid": {
      "version": "3.3.2",
      "resolved": "https://registry.npmjs.org/uuid/-/uuid-3.3.2.tgz",
      "integrity": "sha512-yXJmeNaw3DnnKAOKJE51sL/ZaYfWJRl1pK9dr19YFCu0ObS231AB1/LbqTKRAQ5kw8A90rA6fr4riOUpTZvQZA=="
    },
    "xml2js": {
      "version": "0.4.19",
      "resolved": "https://registry.npmjs.org/xml2js/-/xml2js-0.4.19.tgz",
      "integrity": "sha512-esZnJZJOiJR9wWKMyuvSE1y6Dq5LCuJanqhxslH2bxM6duahNZ+HMpCLhBQGZkbX6xRf8x1Y2eJlgt2q3qo49Q==",
      "requires": {
        "sax": ">=0.6.0",
        "xmlbuilder": "~9.0.1"
      }
    },
    "xmlbuilder": {
      "version": "9.0.7",
      "resolved": "https://registry.npmjs.org/xmlbuilder/-/xmlbuilder-9.0.7.tgz",
      "integrity": "sha1-Ey7mPS7FVlxVfiD0wi35rKaGsQ0="
    }
  }
}
